// !$*UTF8*$!
{
	archiveVersion = 1;
	classes = {
	};
	objectVersion = 46;
	objects = {

/* Begin PBXBuildFile section */
		1F58E01C1F13BCE6007193F3 /* PressStart2P.ttf in Resources */ = {isa = PBXBuildFile; fileRef = 1F58E01B1F13BCE6007193F3 /* PressStart2P.ttf */; };
		1F58E0201F13C394007193F3 /* Gradius.TTF in Resources */ = {isa = PBXBuildFile; fileRef = 1F58E01F1F13C394007193F3 /* Gradius.TTF */; };
		1F58E0281F1D06E1007193F3 /* MenuViewController.swift in Sources */ = {isa = PBXBuildFile; fileRef = 1F58E0271F1D06E1007193F3 /* MenuViewController.swift */; };
		1F58E02A1F1D3F25007193F3 /* LearnMoreViewController.swift in Sources */ = {isa = PBXBuildFile; fileRef = 1F58E0291F1D3F25007193F3 /* LearnMoreViewController.swift */; };
		1F58E02C1F1D4F72007193F3 /* SettingsViewController.swift in Sources */ = {isa = PBXBuildFile; fileRef = 1F58E02B1F1D4F72007193F3 /* SettingsViewController.swift */; };
		1F58E02E1F1D4F85007193F3 /* PlayViewController.swift in Sources */ = {isa = PBXBuildFile; fileRef = 1F58E02D1F1D4F85007193F3 /* PlayViewController.swift */; };
		1F58E0301F1E45E2007193F3 /* SleepScene.sks in Resources */ = {isa = PBXBuildFile; fileRef = 1F58E02F1F1E45E2007193F3 /* SleepScene.sks */; };
		1F58E0321F1E4609007193F3 /* SleepScene.swift in Sources */ = {isa = PBXBuildFile; fileRef = 1F58E0311F1E4609007193F3 /* SleepScene.swift */; };
		1F58E0381F1E4688007193F3 /* HealthKit.framework in Frameworks */ = {isa = PBXBuildFile; fileRef = 1F58E0371F1E4688007193F3 /* HealthKit.framework */; settings = {ATTRIBUTES = (Required, ); }; };
		1F58E03A1F1E46A3007193F3 /* SleepViewController.swift in Sources */ = {isa = PBXBuildFile; fileRef = 1F58E0391F1E46A3007193F3 /* SleepViewController.swift */; };
		1F5CE6C71EFD660900002231 /* LearnMoreScene.sks in Resources */ = {isa = PBXBuildFile; fileRef = 1F5CE6C61EFD660900002231 /* LearnMoreScene.sks */; };
		1F5CE6C91EFD66E900002231 /* LearnMoreScene.swift in Sources */ = {isa = PBXBuildFile; fileRef = 1F5CE6C81EFD66E900002231 /* LearnMoreScene.swift */; };
		1F5CE6CB1EFD6CDF00002231 /* DeathScene.sks in Resources */ = {isa = PBXBuildFile; fileRef = 1F5CE6CA1EFD6CDF00002231 /* DeathScene.sks */; };
		1F5CE6CD1EFD6CFC00002231 /* DeathScene.swift in Sources */ = {isa = PBXBuildFile; fileRef = 1F5CE6CC1EFD6CFC00002231 /* DeathScene.swift */; };
		1F5CE6CF1EFD8BFB00002231 /* InstructionScene1.sks in Resources */ = {isa = PBXBuildFile; fileRef = 1F5CE6CE1EFD8BFB00002231 /* InstructionScene1.sks */; };
		1F5CE6D11EFD8C1700002231 /* InstructionScene1.swift in Sources */ = {isa = PBXBuildFile; fileRef = 1F5CE6D01EFD8C1700002231 /* InstructionScene1.swift */; };
		1F7230B91EFC3EE8001C62F4 /* Assets.xcassets in Resources */ = {isa = PBXBuildFile; fileRef = 1F7230B81EFC3EE8001C62F4 /* Assets.xcassets */; };
		1FB5901D1F017F000097F7D1 /* WelcomeScene.sks in Resources */ = {isa = PBXBuildFile; fileRef = 1FB5901C1F017F000097F7D1 /* WelcomeScene.sks */; };
		1FB5901F1F017F1A0097F7D1 /* WelcomeScene.swift in Sources */ = {isa = PBXBuildFile; fileRef = 1FB5901E1F017F1A0097F7D1 /* WelcomeScene.swift */; };
		1FB590211F02E5F50097F7D1 /* SettingsScene.sks in Resources */ = {isa = PBXBuildFile; fileRef = 1FB590201F02E5F50097F7D1 /* SettingsScene.sks */; };
		1FB590231F02E6130097F7D1 /* SettingsScene.swift in Sources */ = {isa = PBXBuildFile; fileRef = 1FB590221F02E6130097F7D1 /* SettingsScene.swift */; };
		1FB590251F02F67B0097F7D1 /* GameStartSound.mp3 in Resources */ = {isa = PBXBuildFile; fileRef = 1FB590241F02F67B0097F7D1 /* GameStartSound.mp3 */; };
		1FB590271F02F7F10097F7D1 /* GameContinueSound.mp3 in Resources */ = {isa = PBXBuildFile; fileRef = 1FB590261F02F7F10097F7D1 /* GameContinueSound.mp3 */; };
		1FF69D481EF41AFE006140E2 /* AppDelegate.swift in Sources */ = {isa = PBXBuildFile; fileRef = 1FF69D471EF41AFE006140E2 /* AppDelegate.swift */; };
		1FF69D4C1EF41AFE006140E2 /* Actions.sks in Resources */ = {isa = PBXBuildFile; fileRef = 1FF69D4B1EF41AFE006140E2 /* Actions.sks */; };
		1FF69D4E1EF41AFE006140E2 /* GameScene.swift in Sources */ = {isa = PBXBuildFile; fileRef = 1FF69D4D1EF41AFE006140E2 /* GameScene.swift */; };
		1FF69D501EF41AFE006140E2 /* GameViewController.swift in Sources */ = {isa = PBXBuildFile; fileRef = 1FF69D4F1EF41AFE006140E2 /* GameViewController.swift */; };
		1FF69D581EF41AFE006140E2 /* LaunchScreen.storyboard in Resources */ = {isa = PBXBuildFile; fileRef = 1FF69D561EF41AFE006140E2 /* LaunchScreen.storyboard */; };
		1FF69D6C1EFAA377006140E2 /* MenuScene.swift in Sources */ = {isa = PBXBuildFile; fileRef = 1FF69D6B1EFAA377006140E2 /* MenuScene.swift */; };
		1FF69D721EFAAF49006140E2 /* SparkEmitter.sks in Resources */ = {isa = PBXBuildFile; fileRef = 1FF69D711EFAAF49006140E2 /* SparkEmitter.sks */; };
		1FF69D861EFAEEA9006140E2 /* MenuScene.sks in Resources */ = {isa = PBXBuildFile; fileRef = 1FF69D831EFAEEA9006140E2 /* MenuScene.sks */; };
		1FF69D881EFAEEA9006140E2 /* GameScene.sks in Resources */ = {isa = PBXBuildFile; fileRef = 1FF69D851EFAEEA9006140E2 /* GameScene.sks */; };
		8F6C95E71F2F7F6C003CE1C1 /* WelcomeViewController.swift in Sources */ = {isa = PBXBuildFile; fileRef = 8F6C95E61F2F7F6C003CE1C1 /* WelcomeViewController.swift */; };
/* End PBXBuildFile section */

/* Begin PBXFileReference section */
		1F58E01B1F13BCE6007193F3 /* PressStart2P.ttf */ = {isa = PBXFileReference; lastKnownFileType = file; path = PressStart2P.ttf; sourceTree = "<group>"; };
		1F58E01F1F13C394007193F3 /* Gradius.TTF */ = {isa = PBXFileReference; lastKnownFileType = file; path = Gradius.TTF; sourceTree = "<group>"; };
		1F58E0271F1D06E1007193F3 /* MenuViewController.swift */ = {isa = PBXFileReference; fileEncoding = 4; lastKnownFileType = sourcecode.swift; path = MenuViewController.swift; sourceTree = "<group>"; };
		1F58E0291F1D3F25007193F3 /* LearnMoreViewController.swift */ = {isa = PBXFileReference; fileEncoding = 4; lastKnownFileType = sourcecode.swift; path = LearnMoreViewController.swift; sourceTree = "<group>"; };
		1F58E02B1F1D4F72007193F3 /* SettingsViewController.swift */ = {isa = PBXFileReference; fileEncoding = 4; lastKnownFileType = sourcecode.swift; path = SettingsViewController.swift; sourceTree = "<group>"; };
		1F58E02D1F1D4F85007193F3 /* PlayViewController.swift */ = {isa = PBXFileReference; fileEncoding = 4; lastKnownFileType = sourcecode.swift; path = PlayViewController.swift; sourceTree = "<group>"; };
		1F58E02F1F1E45E2007193F3 /* SleepScene.sks */ = {isa = PBXFileReference; lastKnownFileType = file.sks; path = SleepScene.sks; sourceTree = "<group>"; };
		1F58E0311F1E4609007193F3 /* SleepScene.swift */ = {isa = PBXFileReference; fileEncoding = 4; lastKnownFileType = sourcecode.swift; path = SleepScene.swift; sourceTree = "<group>"; };
		1F58E0331F1E4672007193F3 /* Drowsy Driving Test.entitlements */ = {isa = PBXFileReference; lastKnownFileType = text.plist.entitlements; path = "Drowsy Driving Test.entitlements"; sourceTree = "<group>"; };
		1F58E0371F1E4688007193F3 /* HealthKit.framework */ = {isa = PBXFileReference; lastKnownFileType = wrapper.framework; name = HealthKit.framework; path = System/Library/Frameworks/HealthKit.framework; sourceTree = SDKROOT; };
		1F58E0391F1E46A3007193F3 /* SleepViewController.swift */ = {isa = PBXFileReference; fileEncoding = 4; lastKnownFileType = sourcecode.swift; path = SleepViewController.swift; sourceTree = "<group>"; };
		1F5CE6C61EFD660900002231 /* LearnMoreScene.sks */ = {isa = PBXFileReference; lastKnownFileType = file.sks; path = LearnMoreScene.sks; sourceTree = "<group>"; };
		1F5CE6C81EFD66E900002231 /* LearnMoreScene.swift */ = {isa = PBXFileReference; fileEncoding = 4; lastKnownFileType = sourcecode.swift; path = LearnMoreScene.swift; sourceTree = "<group>"; };
		1F5CE6CA1EFD6CDF00002231 /* DeathScene.sks */ = {isa = PBXFileReference; lastKnownFileType = file.sks; path = DeathScene.sks; sourceTree = "<group>"; };
		1F5CE6CC1EFD6CFC00002231 /* DeathScene.swift */ = {isa = PBXFileReference; fileEncoding = 4; lastKnownFileType = sourcecode.swift; path = DeathScene.swift; sourceTree = "<group>"; };
		1F5CE6CE1EFD8BFB00002231 /* InstructionScene1.sks */ = {isa = PBXFileReference; lastKnownFileType = file.sks; path = InstructionScene1.sks; sourceTree = "<group>"; };
		1F5CE6D01EFD8C1700002231 /* InstructionScene1.swift */ = {isa = PBXFileReference; fileEncoding = 4; lastKnownFileType = sourcecode.swift; path = InstructionScene1.swift; sourceTree = "<group>"; };
		1F7230B81EFC3EE8001C62F4 /* Assets.xcassets */ = {isa = PBXFileReference; lastKnownFileType = folder.assetcatalog; path = Assets.xcassets; sourceTree = "<group>"; };
		1FB5901C1F017F000097F7D1 /* WelcomeScene.sks */ = {isa = PBXFileReference; lastKnownFileType = file.sks; path = WelcomeScene.sks; sourceTree = "<group>"; };
		1FB5901E1F017F1A0097F7D1 /* WelcomeScene.swift */ = {isa = PBXFileReference; fileEncoding = 4; lastKnownFileType = sourcecode.swift; path = WelcomeScene.swift; sourceTree = "<group>"; };
		1FB590201F02E5F50097F7D1 /* SettingsScene.sks */ = {isa = PBXFileReference; lastKnownFileType = file.sks; path = SettingsScene.sks; sourceTree = "<group>"; };
		1FB590221F02E6130097F7D1 /* SettingsScene.swift */ = {isa = PBXFileReference; fileEncoding = 4; lastKnownFileType = sourcecode.swift; path = SettingsScene.swift; sourceTree = "<group>"; };
		1FB590241F02F67B0097F7D1 /* GameStartSound.mp3 */ = {isa = PBXFileReference; lastKnownFileType = audio.mp3; path = GameStartSound.mp3; sourceTree = "<group>"; };
		1FB590261F02F7F10097F7D1 /* GameContinueSound.mp3 */ = {isa = PBXFileReference; lastKnownFileType = audio.mp3; path = GameContinueSound.mp3; sourceTree = "<group>"; };
		1FF69D441EF41AFE006140E2 /* Drowsy Driving Test.app */ = {isa = PBXFileReference; explicitFileType = wrapper.application; includeInIndex = 0; path = "Drowsy Driving Test.app"; sourceTree = BUILT_PRODUCTS_DIR; };
		1FF69D471EF41AFE006140E2 /* AppDelegate.swift */ = {isa = PBXFileReference; lastKnownFileType = sourcecode.swift; path = AppDelegate.swift; sourceTree = "<group>"; };
		1FF69D4B1EF41AFE006140E2 /* Actions.sks */ = {isa = PBXFileReference; lastKnownFileType = file.sks; path = Actions.sks; sourceTree = "<group>"; };
		1FF69D4D1EF41AFE006140E2 /* GameScene.swift */ = {isa = PBXFileReference; lastKnownFileType = sourcecode.swift; path = GameScene.swift; sourceTree = "<group>"; };
		1FF69D4F1EF41AFE006140E2 /* GameViewController.swift */ = {isa = PBXFileReference; lastKnownFileType = sourcecode.swift; path = GameViewController.swift; sourceTree = "<group>"; };
		1FF69D571EF41AFE006140E2 /* Base */ = {isa = PBXFileReference; lastKnownFileType = file.storyboard; name = Base; path = Base.lproj/LaunchScreen.storyboard; sourceTree = "<group>"; };
		1FF69D591EF41AFE006140E2 /* Info.plist */ = {isa = PBXFileReference; lastKnownFileType = text.plist.xml; path = Info.plist; sourceTree = "<group>"; };
		1FF69D6B1EFAA377006140E2 /* MenuScene.swift */ = {isa = PBXFileReference; fileEncoding = 4; lastKnownFileType = sourcecode.swift; path = MenuScene.swift; sourceTree = "<group>"; };
		1FF69D711EFAAF49006140E2 /* SparkEmitter.sks */ = {isa = PBXFileReference; lastKnownFileType = file.sks; path = SparkEmitter.sks; sourceTree = "<group>"; };
		1FF69D831EFAEEA9006140E2 /* MenuScene.sks */ = {isa = PBXFileReference; lastKnownFileType = file.sks; path = MenuScene.sks; sourceTree = "<group>"; };
		1FF69D851EFAEEA9006140E2 /* GameScene.sks */ = {isa = PBXFileReference; lastKnownFileType = file.sks; path = GameScene.sks; sourceTree = "<group>"; };
		8F6C95E61F2F7F6C003CE1C1 /* WelcomeViewController.swift */ = {isa = PBXFileReference; fileEncoding = 4; lastKnownFileType = sourcecode.swift; path = WelcomeViewController.swift; sourceTree = "<group>"; };
/* End PBXFileReference section */

/* Begin PBXFrameworksBuildPhase section */
		1FF69D411EF41AFE006140E2 /* Frameworks */ = {
			isa = PBXFrameworksBuildPhase;
			buildActionMask = 2147483647;
			files = (
				1F58E0381F1E4688007193F3 /* HealthKit.framework in Frameworks */,
			);
			runOnlyForDeploymentPostprocessing = 0;
		};
/* End PBXFrameworksBuildPhase section */

/* Begin PBXGroup section */
		1F58E0341F1E4672007193F3 /* Frameworks */ = {
			isa = PBXGroup;
			children = (
				1F58E0371F1E4688007193F3 /* HealthKit.framework */,
			);
			name = Frameworks;
			sourceTree = "<group>";
		};
		1F7230B31EFAFB65001C62F4 /* Misc. */ = {
			isa = PBXGroup;
			children = (
				1FF69D471EF41AFE006140E2 /* AppDelegate.swift */,
				1FF69D4B1EF41AFE006140E2 /* Actions.sks */,
				1FF69D591EF41AFE006140E2 /* Info.plist */,
			);
			name = Misc.;
			sourceTree = "<group>";
		};
		1FF69D3B1EF41AFE006140E2 = {
			isa = PBXGroup;
			children = (
				1FF69D461EF41AFE006140E2 /* Drowsy Driving Test */,
				1FF69D451EF41AFE006140E2 /* Products */,
				1F58E0341F1E4672007193F3 /* Frameworks */,
			);
			sourceTree = "<group>";
		};
		1FF69D451EF41AFE006140E2 /* Products */ = {
			isa = PBXGroup;
			children = (
				1FF69D441EF41AFE006140E2 /* Drowsy Driving Test.app */,
			);
			name = Products;
			sourceTree = "<group>";
		};
		1FF69D461EF41AFE006140E2 /* Drowsy Driving Test */ = {
			isa = PBXGroup;
			children = (
				1F58E0331F1E4672007193F3 /* Drowsy Driving Test.entitlements */,
				1F7230B31EFAFB65001C62F4 /* Misc. */,
				1FF69D831EFAEEA9006140E2 /* MenuScene.sks */,
				1FF69D6B1EFAA377006140E2 /* MenuScene.swift */,
				1F58E0271F1D06E1007193F3 /* MenuViewController.swift */,
				1FF69D851EFAEEA9006140E2 /* GameScene.sks */,
				1FF69D4D1EF41AFE006140E2 /* GameScene.swift */,
				1F58E02D1F1D4F85007193F3 /* PlayViewController.swift */,
				1F5CE6CE1EFD8BFB00002231 /* InstructionScene1.sks */,
				1F5CE6D01EFD8C1700002231 /* InstructionScene1.swift */,
				1F5CE6CA1EFD6CDF00002231 /* DeathScene.sks */,
				1F5CE6CC1EFD6CFC00002231 /* DeathScene.swift */,
				1FB590201F02E5F50097F7D1 /* SettingsScene.sks */,
				1FB590221F02E6130097F7D1 /* SettingsScene.swift */,
				1F58E02B1F1D4F72007193F3 /* SettingsViewController.swift */,
				1F5CE6C61EFD660900002231 /* LearnMoreScene.sks */,
				1F5CE6C81EFD66E900002231 /* LearnMoreScene.swift */,
				1F58E0291F1D3F25007193F3 /* LearnMoreViewController.swift */,
				1FB5901C1F017F000097F7D1 /* WelcomeScene.sks */,
				1FB5901E1F017F1A0097F7D1 /* WelcomeScene.swift */,
				8F6C95E61F2F7F6C003CE1C1 /* WelcomeViewController.swift */,
				1F58E02F1F1E45E2007193F3 /* SleepScene.sks */,
				1F58E0311F1E4609007193F3 /* SleepScene.swift */,
				1F58E0391F1E46A3007193F3 /* SleepViewController.swift */,
				1FF69D4F1EF41AFE006140E2 /* GameViewController.swift */,
				1FF69D561EF41AFE006140E2 /* LaunchScreen.storyboard */,
				1FF69D711EFAAF49006140E2 /* SparkEmitter.sks */,
				1F7230B81EFC3EE8001C62F4 /* Assets.xcassets */,
				1FB590241F02F67B0097F7D1 /* GameStartSound.mp3 */,
				1FB590261F02F7F10097F7D1 /* GameContinueSound.mp3 */,
				1F58E01B1F13BCE6007193F3 /* PressStart2P.ttf */,
				1F58E01F1F13C394007193F3 /* Gradius.TTF */,
			);
			path = "Drowsy Driving Test";
			sourceTree = "<group>";
		};
/* End PBXGroup section */

/* Begin PBXNativeTarget section */
		1FF69D431EF41AFE006140E2 /* Drowsy Driving Test */ = {
			isa = PBXNativeTarget;
			buildConfigurationList = 1FF69D5C1EF41AFE006140E2 /* Build configuration list for PBXNativeTarget "Drowsy Driving Test" */;
			buildPhases = (
				1FF69D401EF41AFE006140E2 /* Sources */,
				1FF69D411EF41AFE006140E2 /* Frameworks */,
				1FF69D421EF41AFE006140E2 /* Resources */,
			);
			buildRules = (
			);
			dependencies = (
			);
			name = "Drowsy Driving Test";
			productName = "Drowsy Driving Test";
			productReference = 1FF69D441EF41AFE006140E2 /* Drowsy Driving Test.app */;
			productType = "com.apple.product-type.application";
		};
/* End PBXNativeTarget section */

/* Begin PBXProject section */
		1FF69D3C1EF41AFE006140E2 /* Project object */ = {
			isa = PBXProject;
			attributes = {
				KnownAssetTags = (
					"com.apple.gamecenter.Dashboard Image",
				);
				LastSwiftUpdateCheck = 0830;
				LastUpgradeCheck = 0830;
				ORGANIZATIONNAME = NoLo;
				TargetAttributes = {
					1FF69D431EF41AFE006140E2 = {
						CreatedOnToolsVersion = 8.3.3;
						DevelopmentTeam = UKCKXJ2U6Z;
						ProvisioningStyle = Automatic;
						SystemCapabilities = {
							com.apple.BackgroundModes = {
								enabled = 1;
							};
							com.apple.HealthKit = {
								enabled = 1;
							};
						};
					};
				};
			};
			buildConfigurationList = 1FF69D3F1EF41AFE006140E2 /* Build configuration list for PBXProject "Drowsy Driving Test" */;
			compatibilityVersion = "Xcode 3.2";
			developmentRegion = English;
			hasScannedForEncodings = 0;
			knownRegions = (
				en,
				Base,
			);
			mainGroup = 1FF69D3B1EF41AFE006140E2;
			productRefGroup = 1FF69D451EF41AFE006140E2 /* Products */;
			projectDirPath = "";
			projectRoot = "";
			targets = (
				1FF69D431EF41AFE006140E2 /* Drowsy Driving Test */,
			);
		};
/* End PBXProject section */

/* Begin PBXResourcesBuildPhase section */
		1FF69D421EF41AFE006140E2 /* Resources */ = {
			isa = PBXResourcesBuildPhase;
			buildActionMask = 2147483647;
			files = (
				1FB5901D1F017F000097F7D1 /* WelcomeScene.sks in Resources */,
				1F5CE6CB1EFD6CDF00002231 /* DeathScene.sks in Resources */,
				1FB590271F02F7F10097F7D1 /* GameContinueSound.mp3 in Resources */,
				1F7230B91EFC3EE8001C62F4 /* Assets.xcassets in Resources */,
				1FF69D881EFAEEA9006140E2 /* GameScene.sks in Resources */,
				1F5CE6CF1EFD8BFB00002231 /* InstructionScene1.sks in Resources */,
				1FF69D721EFAAF49006140E2 /* SparkEmitter.sks in Resources */,
				1FF69D581EF41AFE006140E2 /* LaunchScreen.storyboard in Resources */,
				1F5CE6C71EFD660900002231 /* LearnMoreScene.sks in Resources */,
				1F58E0301F1E45E2007193F3 /* SleepScene.sks in Resources */,
				1FB590251F02F67B0097F7D1 /* GameStartSound.mp3 in Resources */,
				1FF69D861EFAEEA9006140E2 /* MenuScene.sks in Resources */,
				1F58E0201F13C394007193F3 /* Gradius.TTF in Resources */,
				1FF69D4C1EF41AFE006140E2 /* Actions.sks in Resources */,
				1FB590211F02E5F50097F7D1 /* SettingsScene.sks in Resources */,
				1F58E01C1F13BCE6007193F3 /* PressStart2P.ttf in Resources */,
			);
			runOnlyForDeploymentPostprocessing = 0;
		};
/* End PBXResourcesBuildPhase section */

/* Begin PBXSourcesBuildPhase section */
		1FF69D401EF41AFE006140E2 /* Sources */ = {
			isa = PBXSourcesBuildPhase;
			buildActionMask = 2147483647;
			files = (
				1FF69D4E1EF41AFE006140E2 /* GameScene.swift in Sources */,
				8F6C95E71F2F7F6C003CE1C1 /* WelcomeViewController.swift in Sources */,
				1F58E02E1F1D4F85007193F3 /* PlayViewController.swift in Sources */,
				1F58E0321F1E4609007193F3 /* SleepScene.swift in Sources */,
				1F5CE6C91EFD66E900002231 /* LearnMoreScene.swift in Sources */,
				1F58E02A1F1D3F25007193F3 /* LearnMoreViewController.swift in Sources */,
				1FF69D501EF41AFE006140E2 /* GameViewController.swift in Sources */,
				1F58E03A1F1E46A3007193F3 /* SleepViewController.swift in Sources */,
				1FF69D6C1EFAA377006140E2 /* MenuScene.swift in Sources */,
				1FF69D481EF41AFE006140E2 /* AppDelegate.swift in Sources */,
				1F5CE6D11EFD8C1700002231 /* InstructionScene1.swift in Sources */,
				1F58E02C1F1D4F72007193F3 /* SettingsViewController.swift in Sources */,
				1FB590231F02E6130097F7D1 /* SettingsScene.swift in Sources */,
				1FB5901F1F017F1A0097F7D1 /* WelcomeScene.swift in Sources */,
				1F58E0281F1D06E1007193F3 /* MenuViewController.swift in Sources */,
				1F5CE6CD1EFD6CFC00002231 /* DeathScene.swift in Sources */,
			);
			runOnlyForDeploymentPostprocessing = 0;
		};
/* End PBXSourcesBuildPhase section */

/* Begin PBXVariantGroup section */
		1FF69D561EF41AFE006140E2 /* LaunchScreen.storyboard */ = {
			isa = PBXVariantGroup;
			children = (
				1FF69D571EF41AFE006140E2 /* Base */,
			);
			name = LaunchScreen.storyboard;
			sourceTree = "<group>";
		};
/* End PBXVariantGroup section */

/* Begin XCBuildConfiguration section */
		1FF69D5A1EF41AFE006140E2 /* Debug */ = {
			isa = XCBuildConfiguration;
			buildSettings = {
				ALWAYS_SEARCH_USER_PATHS = NO;
				CLANG_ANALYZER_NONNULL = YES;
				CLANG_ANALYZER_NUMBER_OBJECT_CONVERSION = YES_AGGRESSIVE;
				CLANG_CXX_LANGUAGE_STANDARD = "gnu++0x";
				CLANG_CXX_LIBRARY = "libc++";
				CLANG_ENABLE_MODULES = YES;
				CLANG_ENABLE_OBJC_ARC = YES;
				CLANG_WARN_BOOL_CONVERSION = YES;
				CLANG_WARN_CONSTANT_CONVERSION = YES;
				CLANG_WARN_DIRECT_OBJC_ISA_USAGE = YES_ERROR;
				CLANG_WARN_DOCUMENTATION_COMMENTS = YES;
				CLANG_WARN_EMPTY_BODY = YES;
				CLANG_WARN_ENUM_CONVERSION = YES;
				CLANG_WARN_INFINITE_RECURSION = YES;
				CLANG_WARN_INT_CONVERSION = YES;
				CLANG_WARN_OBJC_ROOT_CLASS = YES_ERROR;
				CLANG_WARN_SUSPICIOUS_MOVE = YES;
				CLANG_WARN_UNREACHABLE_CODE = YES;
				CLANG_WARN__DUPLICATE_METHOD_MATCH = YES;
				"CODE_SIGN_IDENTITY[sdk=iphoneos*]" = "iPhone Developer";
				COPY_PHASE_STRIP = NO;
				DEBUG_INFORMATION_FORMAT = dwarf;
				ENABLE_STRICT_OBJC_MSGSEND = YES;
				ENABLE_TESTABILITY = YES;
				GCC_C_LANGUAGE_STANDARD = gnu99;
				GCC_DYNAMIC_NO_PIC = NO;
				GCC_NO_COMMON_BLOCKS = YES;
				GCC_OPTIMIZATION_LEVEL = 0;
				GCC_PREPROCESSOR_DEFINITIONS = (
					"DEBUG=1",
					"$(inherited)",
				);
				GCC_WARN_64_TO_32_BIT_CONVERSION = YES;
				GCC_WARN_ABOUT_RETURN_TYPE = YES_ERROR;
				GCC_WARN_UNDECLARED_SELECTOR = YES;
				GCC_WARN_UNINITIALIZED_AUTOS = YES_AGGRESSIVE;
				GCC_WARN_UNUSED_FUNCTION = YES;
				GCC_WARN_UNUSED_VARIABLE = YES;
				IPHONEOS_DEPLOYMENT_TARGET = 10.3;
				MTL_ENABLE_DEBUG_INFO = YES;
				ONLY_ACTIVE_ARCH = YES;
				SDKROOT = iphoneos;
				SWIFT_ACTIVE_COMPILATION_CONDITIONS = DEBUG;
				SWIFT_OPTIMIZATION_LEVEL = "-Onone";
			};
			name = Debug;
		};
		1FF69D5B1EF41AFE006140E2 /* Release */ = {
			isa = XCBuildConfiguration;
			buildSettings = {
				ALWAYS_SEARCH_USER_PATHS = NO;
				CLANG_ANALYZER_NONNULL = YES;
				CLANG_ANALYZER_NUMBER_OBJECT_CONVERSION = YES_AGGRESSIVE;
				CLANG_CXX_LANGUAGE_STANDARD = "gnu++0x";
				CLANG_CXX_LIBRARY = "libc++";
				CLANG_ENABLE_MODULES = YES;
				CLANG_ENABLE_OBJC_ARC = YES;
				CLANG_WARN_BOOL_CONVERSION = YES;
				CLANG_WARN_CONSTANT_CONVERSION = YES;
				CLANG_WARN_DIRECT_OBJC_ISA_USAGE = YES_ERROR;
				CLANG_WARN_DOCUMENTATION_COMMENTS = YES;
				CLANG_WARN_EMPTY_BODY = YES;
				CLANG_WARN_ENUM_CONVERSION = YES;
				CLANG_WARN_INFINITE_RECURSION = YES;
				CLANG_WARN_INT_CONVERSION = YES;
				CLANG_WARN_OBJC_ROOT_CLASS = YES_ERROR;
				CLANG_WARN_SUSPICIOUS_MOVE = YES;
				CLANG_WARN_UNREACHABLE_CODE = YES;
				CLANG_WARN__DUPLICATE_METHOD_MATCH = YES;
				"CODE_SIGN_IDENTITY[sdk=iphoneos*]" = "iPhone Developer";
				COPY_PHASE_STRIP = NO;
				DEBUG_INFORMATION_FORMAT = "dwarf-with-dsym";
				ENABLE_NS_ASSERTIONS = NO;
				ENABLE_STRICT_OBJC_MSGSEND = YES;
				GCC_C_LANGUAGE_STANDARD = gnu99;
				GCC_NO_COMMON_BLOCKS = YES;
				GCC_WARN_64_TO_32_BIT_CONVERSION = YES;
				GCC_WARN_ABOUT_RETURN_TYPE = YES_ERROR;
				GCC_WARN_UNDECLARED_SELECTOR = YES;
				GCC_WARN_UNINITIALIZED_AUTOS = YES_AGGRESSIVE;
				GCC_WARN_UNUSED_FUNCTION = YES;
				GCC_WARN_UNUSED_VARIABLE = YES;
				IPHONEOS_DEPLOYMENT_TARGET = 10.3;
				MTL_ENABLE_DEBUG_INFO = NO;
				SDKROOT = iphoneos;
				SWIFT_OPTIMIZATION_LEVEL = "-Owholemodule";
				VALIDATE_PRODUCT = YES;
			};
			name = Release;
		};
		1FF69D5D1EF41AFE006140E2 /* Debug */ = {
			isa = XCBuildConfiguration;
			buildSettings = {
				ALWAYS_EMBED_SWIFT_STANDARD_LIBRARIES = NO;
				ASSETCATALOG_COMPILER_APPICON_NAME = AppIcon;
				CODE_SIGN_ENTITLEMENTS = "Drowsy Driving Test/Drowsy Driving Test.entitlements";
				"CODE_SIGN_IDENTITY[sdk=iphoneos*]" = "iPhone Developer";
				DEVELOPMENT_TEAM = UKCKXJ2U6Z;
				INFOPLIST_FILE = "Drowsy Driving Test/Info.plist";
				IPHONEOS_DEPLOYMENT_TARGET = 10.3;
				LD_RUNPATH_SEARCH_PATHS = "$(inherited) @executable_path/Frameworks";
				PRODUCT_BUNDLE_IDENTIFIER = "UserFreedom.Dowsy-Driving-Test";
				PRODUCT_NAME = "$(TARGET_NAME)";
				PROVISIONING_PROFILE_SPECIFIER = "";
				SWIFT_VERSION = 3.0;
				TARGETED_DEVICE_FAMILY = 1;
			};
			name = Debug;
		};
		1FF69D5E1EF41AFE006140E2 /* Release */ = {
			isa = XCBuildConfiguration;
			buildSettings = {
				ALWAYS_EMBED_SWIFT_STANDARD_LIBRARIES = NO;
				ASSETCATALOG_COMPILER_APPICON_NAME = AppIcon;
				CODE_SIGN_ENTITLEMENTS = "Drowsy Driving Test/Drowsy Driving Test.entitlements";
				"CODE_SIGN_IDENTITY[sdk=iphoneos*]" = "iPhone Developer";
				DEVELOPMENT_TEAM = UKCKXJ2U6Z;
				INFOPLIST_FILE = "Drowsy Driving Test/Info.plist";
				IPHONEOS_DEPLOYMENT_TARGET = 10.3;
				LD_RUNPATH_SEARCH_PATHS = "$(inherited) @executable_path/Frameworks";
				PRODUCT_BUNDLE_IDENTIFIER = "UserFreedom.Dowsy-Driving-Test";
				PRODUCT_NAME = "$(TARGET_NAME)";
				PROVISIONING_PROFILE_SPECIFIER = "";
				SWIFT_VERSION = 3.0;
				TARGETED_DEVICE_FAMILY = 1;
			};
			name = Release;
		};
/* End XCBuildConfiguration section */

/* Begin XCConfigurationList section */
		1FF69D3F1EF41AFE006140E2 /* Build configuration list for PBXProject "Drowsy Driving Test" */ = {
			isa = XCConfigurationList;
			buildConfigurations = (
				1FF69D5A1EF41AFE006140E2 /* Debug */,
				1FF69D5B1EF41AFE006140E2 /* Release */,
			);
			defaultConfigurationIsVisible = 0;
			defaultConfigurationName = Release;
		};
		1FF69D5C1EF41AFE006140E2 /* Build configuration list for PBXNativeTarget "Drowsy Driving Test" */ = {
			isa = XCConfigurationList;
			buildConfigurations = (
				1FF69D5D1EF41AFE006140E2 /* Debug */,
				1FF69D5E1EF41AFE006140E2 /* Release */,
			);
			defaultConfigurationIsVisible = 0;
			defaultConfigurationName = Release;
		};
/* End XCConfigurationList section */
	};
	rootObject = 1FF69D3C1EF41AFE006140E2 /* Project object */;
}
